
Microsoft Visual Studio Solution File, Format Version 10.00
# Visual Studio 2008
Project("{FAE04EC0-301F-11D3-BF4B-00C04F79EFBC}") = "Xameleon", "Xameleon\Xameleon.csproj", "{A800D9F1-D877-4076-99BA-CBD73BCFB203}"
EndProject
Project("{FAE04EC0-301F-11D3-BF4B-00C04F79EFBC}") = "Extf.Net.Base", "Base\Extf.Net.Base.csproj", "{0EFC77D9-E940-4C1C-805F-F236FDB64B32}"
EndProject
Project("{FAE04EC0-301F-11D3-BF4B-00C04F79EFBC}") = "Saxon.Api", "VendorExtensions\Saxonica\Saxon.Api\Saxon.Api.csproj", "{A0598E7E-BF5D-4E6A-91A2-6E6A63CC9F9E}"
EndProject
Project("{FAE04EC0-301F-11D3-BF4B-00C04F79EFBC}") = "GlobalClip", "GlobalClip\GlobalClip.csproj", "{9B9C08A7-0E8A-45AA-AEB4-7A5796DB1C26}"
EndProject
Project("{FAE04EC0-301F-11D3-BF4B-00C04F79EFBC}") = "AmazonAWS.S3", "VendorExtensions\S3\AmazonAWS.S3\AmazonAWS.S3.csproj", "{8D92E7E5-ECF3-4F24-BBB3-D03D273D6A80}"
EndProject
Project("{FAE04EC0-301F-11D3-BF4B-00C04F79EFBC}") = "DynamicWebServiceHelpers", "VendorExtensions\Microsoft\IronPython\DynamicWebServiceHelpers\DynamicWebServiceHelpers.csproj", "{1D454DD9-4271-47F0-A45C-12040305BAD1}"
EndProject
Project("{FAE04EC0-301F-11D3-BF4B-00C04F79EFBC}") = "Xameleon.Saxon", "Xameleon.Saxon\Xameleon.Saxon.csproj", "{633322D9-B096-4869-AE5D-96817B679231}"
EndProject
Project("{FAE04EC0-301F-11D3-BF4B-00C04F79EFBC}") = "Xameleon.WebApp", "Xameleon.WebApp\Xameleon.WebApp.csproj", "{EB254231-A145-42B5-9206-D0021D64AC4C}"
EndProject
Project("{FAE04EC0-301F-11D3-BF4B-00C04F79EFBC}") = "Xameleon.XSP", "Xameleon.XSP\Xameleon.XSP.csproj", "{B5AB69BA-2B93-4850-9DA0-302D257B154B}"
EndProject
Project("{FAE04EC0-301F-11D3-BF4B-00C04F79EFBC}") = "Console", "Console\Console.csproj", "{B5265CB6-DE7C-475A-8219-27EDC6D3206A}"
EndProject
Project("{FAE04EC0-301F-11D3-BF4B-00C04F79EFBC}") = "Extf.Net.SilverlitEXSLT", "Extf.Net.SilverlitEXSLT\Extf.Net.SilverlitEXSLT.csproj", "{EEE44158-6983-46B1-AE01-F8DFA13A1F61}"
EndProject
Project("{FAE04EC0-301F-11D3-BF4B-00C04F79EFBC}") = "SgmlReaderDll8", "VendorExtensions\GotDotNet\SgmlReader\sgmlreaderdll\SgmlReaderDll8.csproj", "{499527FF-AE52-450F-B3E3-4AD53E1712AD}"
EndProject
Project("{FAE04EC0-301F-11D3-BF4B-00C04F79EFBC}") = "Memcached.ClientLibrary", "VendorExtensions\memcached\memecacheddotnet\clientlib\Memcached.ClientLibrary.csproj", "{4770D032-9B06-450D-8B00-7200D8330397}"
EndProject
Project("{FAE04EC0-301F-11D3-BF4B-00C04F79EFBC}") = "Transform", "Transform\Transform.csproj", "{1760D02A-A435-4025-8D68-0504DFB33EDC}"
EndProject
Project("{FAE04EC0-301F-11D3-BF4B-00C04F79EFBC}") = "Mono.WebServer.FastCgi", "Mono.WebServer.FastCgi\Mono.WebServer.FastCgi.csproj", "{EC585CAC-E83F-41F2-95FE-2BB6A4BC1F20}"
EndProject
Project("{FAE04EC0-301F-11D3-BF4B-00C04F79EFBC}") = "Nuxleus.FileSystem.Watcher", "Nuxleus.FileSystemWatcher\Nuxleus.FileSystem.Watcher.csproj", "{64C1203C-1912-4FE0-BA73-01BA2B0758E4}"
EndProject
Global
	GlobalSection(SolutionConfigurationPlatforms) = preSolution
		Debug|.NET = Debug|.NET
		Debug|Any CPU = Debug|Any CPU
		Debug|Mixed Platforms = Debug|Mixed Platforms
		Release|.NET = Release|.NET
		Release|Any CPU = Release|Any CPU
		Release|Mixed Platforms = Release|Mixed Platforms
	EndGlobalSection
	GlobalSection(ProjectConfigurationPlatforms) = postSolution
		{A800D9F1-D877-4076-99BA-CBD73BCFB203}.Debug|.NET.ActiveCfg = Debug|Any CPU
		{A800D9F1-D877-4076-99BA-CBD73BCFB203}.Debug|Any CPU.ActiveCfg = Debug|Any CPU
		{A800D9F1-D877-4076-99BA-CBD73BCFB203}.Debug|Any CPU.Build.0 = Debug|Any CPU
		{A800D9F1-D877-4076-99BA-CBD73BCFB203}.Debug|Mixed Platforms.ActiveCfg = Debug|Any CPU
		{A800D9F1-D877-4076-99BA-CBD73BCFB203}.Debug|Mixed Platforms.Build.0 = Debug|Any CPU
		{A800D9F1-D877-4076-99BA-CBD73BCFB203}.Release|.NET.ActiveCfg = Release|Any CPU
		{A800D9F1-D877-4076-99BA-CBD73BCFB203}.Release|Any CPU.ActiveCfg = Release|Any CPU
		{A800D9F1-D877-4076-99BA-CBD73BCFB203}.Release|Any CPU.Build.0 = Release|Any CPU
		{A800D9F1-D877-4076-99BA-CBD73BCFB203}.Release|Mixed Platforms.ActiveCfg = Release|Any CPU
		{A800D9F1-D877-4076-99BA-CBD73BCFB203}.Release|Mixed Platforms.Build.0 = Release|Any CPU
		{0EFC77D9-E940-4C1C-805F-F236FDB64B32}.Debug|.NET.ActiveCfg = Debug|Any CPU
		{0EFC77D9-E940-4C1C-805F-F236FDB64B32}.Debug|Any CPU.ActiveCfg = Debug|Any CPU
		{0EFC77D9-E940-4C1C-805F-F236FDB64B32}.Debug|Any CPU.Build.0 = Debug|Any CPU
		{0EFC77D9-E940-4C1C-805F-F236FDB64B32}.Debug|Mixed Platforms.ActiveCfg = Debug|Any CPU
		{0EFC77D9-E940-4C1C-805F-F236FDB64B32}.Debug|Mixed Platforms.Build.0 = Debug|Any CPU
		{0EFC77D9-E940-4C1C-805F-F236FDB64B32}.Release|.NET.ActiveCfg = Release|Any CPU
		{0EFC77D9-E940-4C1C-805F-F236FDB64B32}.Release|Any CPU.ActiveCfg = Release|Any CPU
		{0EFC77D9-E940-4C1C-805F-F236FDB64B32}.Release|Any CPU.Build.0 = Release|Any CPU
		{0EFC77D9-E940-4C1C-805F-F236FDB64B32}.Release|Mixed Platforms.ActiveCfg = Release|Any CPU
		{0EFC77D9-E940-4C1C-805F-F236FDB64B32}.Release|Mixed Platforms.Build.0 = Release|Any CPU
		{A0598E7E-BF5D-4E6A-91A2-6E6A63CC9F9E}.Debug|.NET.ActiveCfg = Debug|Any CPU
		{A0598E7E-BF5D-4E6A-91A2-6E6A63CC9F9E}.Debug|Any CPU.ActiveCfg = Debug|Any CPU
		{A0598E7E-BF5D-4E6A-91A2-6E6A63CC9F9E}.Debug|Any CPU.Build.0 = Debug|Any CPU
		{A0598E7E-BF5D-4E6A-91A2-6E6A63CC9F9E}.Debug|Mixed Platforms.ActiveCfg = Debug|Any CPU
		{A0598E7E-BF5D-4E6A-91A2-6E6A63CC9F9E}.Debug|Mixed Platforms.Build.0 = Debug|Any CPU
		{A0598E7E-BF5D-4E6A-91A2-6E6A63CC9F9E}.Release|.NET.ActiveCfg = Release|Any CPU
		{A0598E7E-BF5D-4E6A-91A2-6E6A63CC9F9E}.Release|Any CPU.ActiveCfg = Release|Any CPU
		{A0598E7E-BF5D-4E6A-91A2-6E6A63CC9F9E}.Release|Any CPU.Build.0 = Release|Any CPU
		{A0598E7E-BF5D-4E6A-91A2-6E6A63CC9F9E}.Release|Mixed Platforms.ActiveCfg = Release|Any CPU
		{A0598E7E-BF5D-4E6A-91A2-6E6A63CC9F9E}.Release|Mixed Platforms.Build.0 = Release|Any CPU
		{9B9C08A7-0E8A-45AA-AEB4-7A5796DB1C26}.Debug|.NET.ActiveCfg = Debug|Any CPU
		{9B9C08A7-0E8A-45AA-AEB4-7A5796DB1C26}.Debug|Any CPU.ActiveCfg = Debug|Any CPU
		{9B9C08A7-0E8A-45AA-AEB4-7A5796DB1C26}.Debug|Any CPU.Build.0 = Debug|Any CPU
		{9B9C08A7-0E8A-45AA-AEB4-7A5796DB1C26}.Debug|Mixed Platforms.ActiveCfg = Debug|Any CPU
		{9B9C08A7-0E8A-45AA-AEB4-7A5796DB1C26}.Debug|Mixed Platforms.Build.0 = Debug|Any CPU
		{9B9C08A7-0E8A-45AA-AEB4-7A5796DB1C26}.Release|.NET.ActiveCfg = Release|Any CPU
		{9B9C08A7-0E8A-45AA-AEB4-7A5796DB1C26}.Release|Any CPU.ActiveCfg = Release|Any CPU
		{9B9C08A7-0E8A-45AA-AEB4-7A5796DB1C26}.Release|Any CPU.Build.0 = Release|Any CPU
		{9B9C08A7-0E8A-45AA-AEB4-7A5796DB1C26}.Release|Mixed Platforms.ActiveCfg = Release|Any CPU
		{9B9C08A7-0E8A-45AA-AEB4-7A5796DB1C26}.Release|Mixed Platforms.Build.0 = Release|Any CPU
		{8D92E7E5-ECF3-4F24-BBB3-D03D273D6A80}.Debug|.NET.ActiveCfg = Debug|Any CPU
		{8D92E7E5-ECF3-4F24-BBB3-D03D273D6A80}.Debug|Any CPU.ActiveCfg = Debug|Any CPU
		{8D92E7E5-ECF3-4F24-BBB3-D03D273D6A80}.Debug|Any CPU.Build.0 = Debug|Any CPU
		{8D92E7E5-ECF3-4F24-BBB3-D03D273D6A80}.Debug|Mixed Platforms.ActiveCfg = Debug|Any CPU
		{8D92E7E5-ECF3-4F24-BBB3-D03D273D6A80}.Debug|Mixed Platforms.Build.0 = Debug|Any CPU
		{8D92E7E5-ECF3-4F24-BBB3-D03D273D6A80}.Release|.NET.ActiveCfg = Release|Any CPU
		{8D92E7E5-ECF3-4F24-BBB3-D03D273D6A80}.Release|Any CPU.ActiveCfg = Release|Any CPU
		{8D92E7E5-ECF3-4F24-BBB3-D03D273D6A80}.Release|Any CPU.Build.0 = Release|Any CPU
		{8D92E7E5-ECF3-4F24-BBB3-D03D273D6A80}.Release|Mixed Platforms.ActiveCfg = Release|Any CPU
		{8D92E7E5-ECF3-4F24-BBB3-D03D273D6A80}.Release|Mixed Platforms.Build.0 = Release|Any CPU
		{1D454DD9-4271-47F0-A45C-12040305BAD1}.Debug|.NET.ActiveCfg = Debug|Any CPU
		{1D454DD9-4271-47F0-A45C-12040305BAD1}.Debug|Any CPU.ActiveCfg = Debug|Any CPU
		{1D454DD9-4271-47F0-A45C-12040305BAD1}.Debug|Any CPU.Build.0 = Debug|Any CPU
		{1D454DD9-4271-47F0-A45C-12040305BAD1}.Debug|Mixed Platforms.ActiveCfg = Debug|Any CPU
		{1D454DD9-4271-47F0-A45C-12040305BAD1}.Debug|Mixed Platforms.Build.0 = Debug|Any CPU
		{1D454DD9-4271-47F0-A45C-12040305BAD1}.Release|.NET.ActiveCfg = Release|Any CPU
		{1D454DD9-4271-47F0-A45C-12040305BAD1}.Release|Any CPU.ActiveCfg = Release|Any CPU
		{1D454DD9-4271-47F0-A45C-12040305BAD1}.Release|Any CPU.Build.0 = Release|Any CPU
		{1D454DD9-4271-47F0-A45C-12040305BAD1}.Release|Mixed Platforms.ActiveCfg = Release|Any CPU
		{1D454DD9-4271-47F0-A45C-12040305BAD1}.Release|Mixed Platforms.Build.0 = Release|Any CPU
		{633322D9-B096-4869-AE5D-96817B679231}.Debug|.NET.ActiveCfg = Debug|Any CPU
		{633322D9-B096-4869-AE5D-96817B679231}.Debug|Any CPU.ActiveCfg = Debug|Any CPU
		{633322D9-B096-4869-AE5D-96817B679231}.Debug|Any CPU.Build.0 = Debug|Any CPU
		{633322D9-B096-4869-AE5D-96817B679231}.Debug|Mixed Platforms.ActiveCfg = Debug|Any CPU
		{633322D9-B096-4869-AE5D-96817B679231}.Debug|Mixed Platforms.Build.0 = Debug|Any CPU
		{633322D9-B096-4869-AE5D-96817B679231}.Release|.NET.ActiveCfg = Release|Any CPU
		{633322D9-B096-4869-AE5D-96817B679231}.Release|Any CPU.ActiveCfg = Release|Any CPU
		{633322D9-B096-4869-AE5D-96817B679231}.Release|Any CPU.Build.0 = Release|Any CPU
		{633322D9-B096-4869-AE5D-96817B679231}.Release|Mixed Platforms.ActiveCfg = Release|Any CPU
		{633322D9-B096-4869-AE5D-96817B679231}.Release|Mixed Platforms.Build.0 = Release|Any CPU
		{EB254231-A145-42B5-9206-D0021D64AC4C}.Debug|.NET.ActiveCfg = Debug|Any CPU
		{EB254231-A145-42B5-9206-D0021D64AC4C}.Debug|Any CPU.ActiveCfg = Debug|Any CPU
		{EB254231-A145-42B5-9206-D0021D64AC4C}.Debug|Any CPU.Build.0 = Debug|Any CPU
		{EB254231-A145-42B5-9206-D0021D64AC4C}.Debug|Mixed Platforms.ActiveCfg = Debug|Any CPU
		{EB254231-A145-42B5-9206-D0021D64AC4C}.Release|.NET.ActiveCfg = Release|Any CPU
		{EB254231-A145-42B5-9206-D0021D64AC4C}.Release|Any CPU.ActiveCfg = Release|Any CPU
		{EB254231-A145-42B5-9206-D0021D64AC4C}.Release|Any CPU.Build.0 = Release|Any CPU
		{EB254231-A145-42B5-9206-D0021D64AC4C}.Release|Mixed Platforms.ActiveCfg = Release|Any CPU
		{B5AB69BA-2B93-4850-9DA0-302D257B154B}.Debug|.NET.ActiveCfg = Debug|Any CPU
		{B5AB69BA-2B93-4850-9DA0-302D257B154B}.Debug|Any CPU.ActiveCfg = Debug|Any CPU
		{B5AB69BA-2B93-4850-9DA0-302D257B154B}.Debug|Any CPU.Build.0 = Debug|Any CPU
		{B5AB69BA-2B93-4850-9DA0-302D257B154B}.Debug|Mixed Platforms.ActiveCfg = Debug|Any CPU
		{B5AB69BA-2B93-4850-9DA0-302D257B154B}.Debug|Mixed Platforms.Build.0 = Debug|Any CPU
		{B5AB69BA-2B93-4850-9DA0-302D257B154B}.Release|.NET.ActiveCfg = Release|Any CPU
		{B5AB69BA-2B93-4850-9DA0-302D257B154B}.Release|Any CPU.ActiveCfg = Release|Any CPU
		{B5AB69BA-2B93-4850-9DA0-302D257B154B}.Release|Any CPU.Build.0 = Release|Any CPU
		{B5AB69BA-2B93-4850-9DA0-302D257B154B}.Release|Mixed Platforms.ActiveCfg = Release|Any CPU
		{B5AB69BA-2B93-4850-9DA0-302D257B154B}.Release|Mixed Platforms.Build.0 = Release|Any CPU
		{B5265CB6-DE7C-475A-8219-27EDC6D3206A}.Debug|.NET.ActiveCfg = Debug|Any CPU
		{B5265CB6-DE7C-475A-8219-27EDC6D3206A}.Debug|Any CPU.ActiveCfg = Debug|Any CPU
		{B5265CB6-DE7C-475A-8219-27EDC6D3206A}.Debug|Any CPU.Build.0 = Debug|Any CPU
		{B5265CB6-DE7C-475A-8219-27EDC6D3206A}.Debug|Mixed Platforms.ActiveCfg = Debug|Any CPU
		{B5265CB6-DE7C-475A-8219-27EDC6D3206A}.Debug|Mixed Platforms.Build.0 = Debug|Any CPU
		{B5265CB6-DE7C-475A-8219-27EDC6D3206A}.Release|.NET.ActiveCfg = Release|Any CPU
		{B5265CB6-DE7C-475A-8219-27EDC6D3206A}.Release|Any CPU.ActiveCfg = Release|Any CPU
		{B5265CB6-DE7C-475A-8219-27EDC6D3206A}.Release|Any CPU.Build.0 = Release|Any CPU
		{B5265CB6-DE7C-475A-8219-27EDC6D3206A}.Release|Mixed Platforms.ActiveCfg = Release|Any CPU
		{B5265CB6-DE7C-475A-8219-27EDC6D3206A}.Release|Mixed Platforms.Build.0 = Release|Any CPU
		{EEE44158-6983-46B1-AE01-F8DFA13A1F61}.Debug|.NET.ActiveCfg = Debug|Any CPU
		{EEE44158-6983-46B1-AE01-F8DFA13A1F61}.Debug|Any CPU.ActiveCfg = Debug|Any CPU
		{EEE44158-6983-46B1-AE01-F8DFA13A1F61}.Debug|Any CPU.Build.0 = Debug|Any CPU
		{EEE44158-6983-46B1-AE01-F8DFA13A1F61}.Debug|Mixed Platforms.ActiveCfg = Debug|Any CPU
		{EEE44158-6983-46B1-AE01-F8DFA13A1F61}.Debug|Mixed Platforms.Build.0 = Debug|Any CPU
		{EEE44158-6983-46B1-AE01-F8DFA13A1F61}.Release|.NET.ActiveCfg = Release|Any CPU
		{EEE44158-6983-46B1-AE01-F8DFA13A1F61}.Release|Any CPU.ActiveCfg = Release|Any CPU
		{EEE44158-6983-46B1-AE01-F8DFA13A1F61}.Release|Any CPU.Build.0 = Release|Any CPU
		{EEE44158-6983-46B1-AE01-F8DFA13A1F61}.Release|Mixed Platforms.ActiveCfg = Release|Any CPU
		{EEE44158-6983-46B1-AE01-F8DFA13A1F61}.Release|Mixed Platforms.Build.0 = Release|Any CPU
		{499527FF-AE52-450F-B3E3-4AD53E1712AD}.Debug|.NET.ActiveCfg = Debug|Any CPU
		{499527FF-AE52-450F-B3E3-4AD53E1712AD}.Debug|Any CPU.ActiveCfg = Debug|Any CPU
		{499527FF-AE52-450F-B3E3-4AD53E1712AD}.Debug|Any CPU.Build.0 = Debug|Any CPU
		{499527FF-AE52-450F-B3E3-4AD53E1712AD}.Debug|Mixed Platforms.ActiveCfg = Debug|Any CPU
		{499527FF-AE52-450F-B3E3-4AD53E1712AD}.Debug|Mixed Platforms.Build.0 = Debug|Any CPU
		{499527FF-AE52-450F-B3E3-4AD53E1712AD}.Release|.NET.ActiveCfg = Release|Any CPU
		{499527FF-AE52-450F-B3E3-4AD53E1712AD}.Release|Any CPU.ActiveCfg = Release|Any CPU
		{499527FF-AE52-450F-B3E3-4AD53E1712AD}.Release|Any CPU.Build.0 = Release|Any CPU
		{499527FF-AE52-450F-B3E3-4AD53E1712AD}.Release|Mixed Platforms.ActiveCfg = Release|Any CPU
		{499527FF-AE52-450F-B3E3-4AD53E1712AD}.Release|Mixed Platforms.Build.0 = Release|Any CPU
		{4770D032-9B06-450D-8B00-7200D8330397}.Debug|.NET.ActiveCfg = Debug|Any CPU
		{4770D032-9B06-450D-8B00-7200D8330397}.Debug|Any CPU.ActiveCfg = Debug|Any CPU
		{4770D032-9B06-450D-8B00-7200D8330397}.Debug|Any CPU.Build.0 = Debug|Any CPU
		{4770D032-9B06-450D-8B00-7200D8330397}.Debug|Mixed Platforms.ActiveCfg = Debug|Any CPU
		{4770D032-9B06-450D-8B00-7200D8330397}.Debug|Mixed Platforms.Build.0 = Debug|Any CPU
		{4770D032-9B06-450D-8B00-7200D8330397}.Release|.NET.ActiveCfg = Release|Any CPU
		{4770D032-9B06-450D-8B00-7200D8330397}.Release|Any CPU.ActiveCfg = Release|Any CPU
		{4770D032-9B06-450D-8B00-7200D8330397}.Release|Any CPU.Build.0 = Release|Any CPU
		{4770D032-9B06-450D-8B00-7200D8330397}.Release|Mixed Platforms.ActiveCfg = Release|Any CPU
		{4770D032-9B06-450D-8B00-7200D8330397}.Release|Mixed Platforms.Build.0 = Release|Any CPU
		{1760D02A-A435-4025-8D68-0504DFB33EDC}.Debug|.NET.ActiveCfg = Debug|Any CPU
		{1760D02A-A435-4025-8D68-0504DFB33EDC}.Debug|Any CPU.ActiveCfg = Debug|Any CPU
		{1760D02A-A435-4025-8D68-0504DFB33EDC}.Debug|Any CPU.Build.0 = Debug|Any CPU
		{1760D02A-A435-4025-8D68-0504DFB33EDC}.Debug|Mixed Platforms.ActiveCfg = Debug|Any CPU
		{1760D02A-A435-4025-8D68-0504DFB33EDC}.Debug|Mixed Platforms.Build.0 = Debug|Any CPU
		{1760D02A-A435-4025-8D68-0504DFB33EDC}.Release|.NET.ActiveCfg = Release|Any CPU
		{1760D02A-A435-4025-8D68-0504DFB33EDC}.Release|Any CPU.ActiveCfg = Release|Any CPU
		{1760D02A-A435-4025-8D68-0504DFB33EDC}.Release|Any CPU.Build.0 = Release|Any CPU
		{1760D02A-A435-4025-8D68-0504DFB33EDC}.Release|Mixed Platforms.ActiveCfg = Release|Any CPU
		{1760D02A-A435-4025-8D68-0504DFB33EDC}.Release|Mixed Platforms.Build.0 = Release|Any CPU
		{EC585CAC-E83F-41F2-95FE-2BB6A4BC1F20}.Debug|.NET.ActiveCfg = Debug|Any CPU
		{EC585CAC-E83F-41F2-95FE-2BB6A4BC1F20}.Debug|Any CPU.ActiveCfg = Debug|Any CPU
		{EC585CAC-E83F-41F2-95FE-2BB6A4BC1F20}.Debug|Any CPU.Build.0 = Debug|Any CPU
		{EC585CAC-E83F-41F2-95FE-2BB6A4BC1F20}.Debug|Mixed Platforms.ActiveCfg = Debug|Any CPU
		{EC585CAC-E83F-41F2-95FE-2BB6A4BC1F20}.Debug|Mixed Platforms.Build.0 = Debug|Any CPU
		{EC585CAC-E83F-41F2-95FE-2BB6A4BC1F20}.Release|.NET.ActiveCfg = Release|Any CPU
		{EC585CAC-E83F-41F2-95FE-2BB6A4BC1F20}.Release|Any CPU.ActiveCfg = Release|Any CPU
		{EC585CAC-E83F-41F2-95FE-2BB6A4BC1F20}.Release|Any CPU.Build.0 = Release|Any CPU
		{EC585CAC-E83F-41F2-95FE-2BB6A4BC1F20}.Release|Mixed Platforms.ActiveCfg = Release|Any CPU
		{EC585CAC-E83F-41F2-95FE-2BB6A4BC1F20}.Release|Mixed Platforms.Build.0 = Release|Any CPU
		{64C1203C-1912-4FE0-BA73-01BA2B0758E4}.Debug|.NET.ActiveCfg = Debug|Any CPU
		{64C1203C-1912-4FE0-BA73-01BA2B0758E4}.Debug|Any CPU.ActiveCfg = Debug|Any CPU
		{64C1203C-1912-4FE0-BA73-01BA2B0758E4}.Debug|Any CPU.Build.0 = Debug|Any CPU
		{64C1203C-1912-4FE0-BA73-01BA2B0758E4}.Debug|Mixed Platforms.ActiveCfg = Debug|Any CPU
		{64C1203C-1912-4FE0-BA73-01BA2B0758E4}.Debug|Mixed Platforms.Build.0 = Debug|Any CPU
		{64C1203C-1912-4FE0-BA73-01BA2B0758E4}.Release|.NET.ActiveCfg = Release|Any CPU
		{64C1203C-1912-4FE0-BA73-01BA2B0758E4}.Release|Any CPU.ActiveCfg = Release|Any CPU
		{64C1203C-1912-4FE0-BA73-01BA2B0758E4}.Release|Any CPU.Build.0 = Release|Any CPU
		{64C1203C-1912-4FE0-BA73-01BA2B0758E4}.Release|Mixed Platforms.ActiveCfg = Release|Any CPU
		{64C1203C-1912-4FE0-BA73-01BA2B0758E4}.Release|Mixed Platforms.Build.0 = Release|Any CPU
	EndGlobalSection
	GlobalSection(SolutionProperties) = preSolution
		HideSolutionNode = FALSE
	EndGlobalSection
EndGlobal
