
Microsoft Visual Studio Solution File, Format Version 9.00
# Visual C# Express 2005
Project("{FAE04EC0-301F-11D3-BF4B-00C04F79EFBC}") = "Xameleon", "Xameleon\Xameleon.csproj", "{A800D9F1-D877-4076-99BA-CBD73BCFB203}"
EndProject
Project("{FAE04EC0-301F-11D3-BF4B-00C04F79EFBC}") = "Extf.Net.Base", "Base\Extf.Net.Base.csproj", "{0EFC77D9-E940-4C1C-805F-F236FDB64B32}"
EndProject
Project("{FAE04EC0-301F-11D3-BF4B-00C04F79EFBC}") = "Saxon.Api", "VendorExtensions\Saxonica\Saxon.Api\Saxon.Api.csproj", "{A0598E7E-BF5D-4E6A-91A2-6E6A63CC9F9E}"
EndProject
Project("{FAE04EC0-301F-11D3-BF4B-00C04F79EFBC}") = "Saxon.Ext", "VendorExtensions\Saxonica\Saxon.Ext\Saxon.Ext.csproj", "{01234180-5350-4440-92B2-1ADF9E00C35B}"
EndProject
Project("{FAE04EC0-301F-11D3-BF4B-00C04F79EFBC}") = "GlobalClip", "GlobalClip\GlobalClip.csproj", "{9B9C08A7-0E8A-45AA-AEB4-7A5796DB1C26}"
EndProject
Project("{FAE04EC0-301F-11D3-BF4B-00C04F79EFBC}") = "AmazonAWS.S3", "VendorExtensions\S3\AmazonAWS.S3\AmazonAWS.S3.csproj", "{8D92E7E5-ECF3-4F24-BBB3-D03D273D6A80}"
EndProject
Project("{FAE04EC0-301F-11D3-BF4B-00C04F79EFBC}") = "DynamicWebServiceHelpers", "VendorExtensions\Microsoft\IronPython\DynamicWebServiceHelpers\DynamicWebServiceHelpers.csproj", "{1D454DD9-4271-47F0-A45C-12040305BAD1}"
EndProject
Project("{FAE04EC0-301F-11D3-BF4B-00C04F79EFBC}") = "Xameleon.Mvp.Xml", "Xameleon.Mvp.Xml\Xameleon.Mvp.Xml.csproj", "{F81D17A0-0B2F-4030-B55C-B73D7F5237ED}"
EndProject
Project("{FAE04EC0-301F-11D3-BF4B-00C04F79EFBC}") = "Xameleon.Saxon", "Xameleon.Saxon\Xameleon.Saxon.csproj", "{633322D9-B096-4869-AE5D-96817B679231}"
EndProject
Project("{FAE04EC0-301F-11D3-BF4B-00C04F79EFBC}") = "Xameleon.ClickOnce", "Xameleon.ClickOnce\Xameleon.ClickOnce.csproj", "{1741C0DC-C5FF-45A2-B7B4-79185633877F}"
EndProject
Project("{FAE04EC0-301F-11D3-BF4B-00C04F79EFBC}") = "Xameleon.WebApp", "Xameleon.WebApp\Xameleon.WebApp.csproj", "{EB254231-A145-42B5-9206-D0021D64AC4C}"
EndProject
Global
	GlobalSection(SolutionConfigurationPlatforms) = preSolution
		Debug|Any CPU = Debug|Any CPU
		Release|Any CPU = Release|Any CPU
	EndGlobalSection
	GlobalSection(ProjectConfigurationPlatforms) = postSolution
		{A800D9F1-D877-4076-99BA-CBD73BCFB203}.Debug|Any CPU.ActiveCfg = Debug|Any CPU
		{A800D9F1-D877-4076-99BA-CBD73BCFB203}.Debug|Any CPU.Build.0 = Debug|Any CPU
		{A800D9F1-D877-4076-99BA-CBD73BCFB203}.Release|Any CPU.ActiveCfg = Release|Any CPU
		{A800D9F1-D877-4076-99BA-CBD73BCFB203}.Release|Any CPU.Build.0 = Release|Any CPU
		{0EFC77D9-E940-4C1C-805F-F236FDB64B32}.Debug|Any CPU.ActiveCfg = Debug|Any CPU
		{0EFC77D9-E940-4C1C-805F-F236FDB64B32}.Debug|Any CPU.Build.0 = Debug|Any CPU
		{0EFC77D9-E940-4C1C-805F-F236FDB64B32}.Release|Any CPU.ActiveCfg = Release|Any CPU
		{0EFC77D9-E940-4C1C-805F-F236FDB64B32}.Release|Any CPU.Build.0 = Release|Any CPU
		{A0598E7E-BF5D-4E6A-91A2-6E6A63CC9F9E}.Debug|Any CPU.ActiveCfg = Debug|Any CPU
		{A0598E7E-BF5D-4E6A-91A2-6E6A63CC9F9E}.Debug|Any CPU.Build.0 = Debug|Any CPU
		{A0598E7E-BF5D-4E6A-91A2-6E6A63CC9F9E}.Release|Any CPU.ActiveCfg = Release|Any CPU
		{A0598E7E-BF5D-4E6A-91A2-6E6A63CC9F9E}.Release|Any CPU.Build.0 = Release|Any CPU
		{01234180-5350-4440-92B2-1ADF9E00C35B}.Debug|Any CPU.ActiveCfg = Debug|Any CPU
		{01234180-5350-4440-92B2-1ADF9E00C35B}.Debug|Any CPU.Build.0 = Debug|Any CPU
		{01234180-5350-4440-92B2-1ADF9E00C35B}.Release|Any CPU.ActiveCfg = Release|Any CPU
		{01234180-5350-4440-92B2-1ADF9E00C35B}.Release|Any CPU.Build.0 = Release|Any CPU
		{9B9C08A7-0E8A-45AA-AEB4-7A5796DB1C26}.Debug|Any CPU.ActiveCfg = Debug|Any CPU
		{9B9C08A7-0E8A-45AA-AEB4-7A5796DB1C26}.Debug|Any CPU.Build.0 = Debug|Any CPU
		{9B9C08A7-0E8A-45AA-AEB4-7A5796DB1C26}.Release|Any CPU.ActiveCfg = Release|Any CPU
		{9B9C08A7-0E8A-45AA-AEB4-7A5796DB1C26}.Release|Any CPU.Build.0 = Release|Any CPU
		{8D92E7E5-ECF3-4F24-BBB3-D03D273D6A80}.Debug|Any CPU.ActiveCfg = Debug|Any CPU
		{8D92E7E5-ECF3-4F24-BBB3-D03D273D6A80}.Debug|Any CPU.Build.0 = Debug|Any CPU
		{8D92E7E5-ECF3-4F24-BBB3-D03D273D6A80}.Release|Any CPU.ActiveCfg = Release|Any CPU
		{8D92E7E5-ECF3-4F24-BBB3-D03D273D6A80}.Release|Any CPU.Build.0 = Release|Any CPU
		{1D454DD9-4271-47F0-A45C-12040305BAD1}.Debug|Any CPU.ActiveCfg = Debug|Any CPU
		{1D454DD9-4271-47F0-A45C-12040305BAD1}.Debug|Any CPU.Build.0 = Debug|Any CPU
		{1D454DD9-4271-47F0-A45C-12040305BAD1}.Release|Any CPU.ActiveCfg = Release|Any CPU
		{1D454DD9-4271-47F0-A45C-12040305BAD1}.Release|Any CPU.Build.0 = Release|Any CPU
		{F81D17A0-0B2F-4030-B55C-B73D7F5237ED}.Debug|Any CPU.ActiveCfg = Debug|Any CPU
		{F81D17A0-0B2F-4030-B55C-B73D7F5237ED}.Debug|Any CPU.Build.0 = Debug|Any CPU
		{F81D17A0-0B2F-4030-B55C-B73D7F5237ED}.Release|Any CPU.ActiveCfg = Release|Any CPU
		{F81D17A0-0B2F-4030-B55C-B73D7F5237ED}.Release|Any CPU.Build.0 = Release|Any CPU
		{633322D9-B096-4869-AE5D-96817B679231}.Debug|Any CPU.ActiveCfg = Debug|Any CPU
		{633322D9-B096-4869-AE5D-96817B679231}.Debug|Any CPU.Build.0 = Debug|Any CPU
		{633322D9-B096-4869-AE5D-96817B679231}.Release|Any CPU.ActiveCfg = Release|Any CPU
		{633322D9-B096-4869-AE5D-96817B679231}.Release|Any CPU.Build.0 = Release|Any CPU
		{1741C0DC-C5FF-45A2-B7B4-79185633877F}.Debug|Any CPU.ActiveCfg = Debug|Any CPU
		{1741C0DC-C5FF-45A2-B7B4-79185633877F}.Debug|Any CPU.Build.0 = Debug|Any CPU
		{1741C0DC-C5FF-45A2-B7B4-79185633877F}.Release|Any CPU.ActiveCfg = Release|Any CPU
		{1741C0DC-C5FF-45A2-B7B4-79185633877F}.Release|Any CPU.Build.0 = Release|Any CPU
		{EB254231-A145-42B5-9206-D0021D64AC4C}.Debug|Any CPU.ActiveCfg = Debug|Any CPU
		{EB254231-A145-42B5-9206-D0021D64AC4C}.Debug|Any CPU.Build.0 = Debug|Any CPU
		{EB254231-A145-42B5-9206-D0021D64AC4C}.Release|Any CPU.ActiveCfg = Release|Any CPU
		{EB254231-A145-42B5-9206-D0021D64AC4C}.Release|Any CPU.Build.0 = Release|Any CPU
	EndGlobalSection
	GlobalSection(SolutionProperties) = preSolution
		HideSolutionNode = FALSE
	EndGlobalSection
EndGlobal
